
Microsoft Visual Studio Solution File, Format Version 12.00
# Visual Studio Version 16
VisualStudioVersion = 16.0.29025.244
MinimumVisualStudioVersion = 10.0.40219.1
Project("{F184B08F-C81C-45F6-A57F-5ABD9991F28F}") = "Flee", "Flee\Flee.vbproj", "{9C6441B9-BA61-488B-A5BA-A7A6F66CF6B6}"
EndProject
Global
	GlobalSection(SolutionConfigurationPlatforms) = preSolution
		Debug|x64 = Debug|x64
		Debug|x86 = Debug|x86
		Release|x64 = Release|x64
		Release|x86 = Release|x86
	EndGlobalSection
	GlobalSection(ProjectConfigurationPlatforms) = postSolution
		{9C6441B9-BA61-488B-A5BA-A7A6F66CF6B6}.Debug|x64.ActiveCfg = Debug|x64
		{9C6441B9-BA61-488B-A5BA-A7A6F66CF6B6}.Debug|x64.Build.0 = Debug|x64
		{9C6441B9-BA61-488B-A5BA-A7A6F66CF6B6}.Debug|x86.ActiveCfg = Debug|x86
		{9C6441B9-BA61-488B-A5BA-A7A6F66CF6B6}.Debug|x86.Build.0 = Debug|x86
		{9C6441B9-BA61-488B-A5BA-A7A6F66CF6B6}.Release|x64.ActiveCfg = Release|x64
		{9C6441B9-BA61-488B-A5BA-A7A6F66CF6B6}.Release|x64.Build.0 = Release|x64
		{9C6441B9-BA61-488B-A5BA-A7A6F66CF6B6}.Release|x86.ActiveCfg = Release|x86
		{9C6441B9-BA61-488B-A5BA-A7A6F66CF6B6}.Release|x86.Build.0 = Release|x86
	EndGlobalSection
	GlobalSection(SolutionProperties) = preSolution
		HideSolutionNode = FALSE
	EndGlobalSection
	GlobalSection(ExtensibilityGlobals) = postSolution
		SolutionGuid = {33FB29E6-9584-43DA-977D-6F6E42A1CD65}
	EndGlobalSection
EndGlobal
